# Code generated by scarb DO NOT EDIT.
version = 1

[[package]]
name = "deploy_script"
version = "0.1.0"
dependencies = [
 "sncast_std",
]

[[package]]
name = "sncast_std"
version = "0.57.0"
source = "registry+https://scarbs.xyz/"
checksum = "sha256:17cad5923110fa757d3980cb469db258f168822c4798d94aceeea3f693990868"
